
Microsoft Visual Studio Solution File, Format Version 12.00
# Visual Studio Version 17
VisualStudioVersion = 17.8.34601.278
MinimumVisualStudioVersion = 10.0.40219.1
Project("{9A19103F-16F7-4668-BE54-9A1E7A4F7556}") = "S04AG", "S04AG.csproj", "{A5583385-33D4-4367-98AD-13ED81EE82FF}"
EndProject
Global
	GlobalSection(SolutionConfigurationPlatforms) = preSolution
		Debug|Any CPU = Debug|Any CPU
		Release|Any CPU = Release|Any CPU
	EndGlobalSection
	GlobalSection(ProjectConfigurationPlatforms) = postSolution
		{A5583385-33D4-4367-98AD-13ED81EE82FF}.Debug|Any CPU.ActiveCfg = Debug|Any CPU
		{A5583385-33D4-4367-98AD-13ED81EE82FF}.Debug|Any CPU.Build.0 = Debug|Any CPU
		{A5583385-33D4-4367-98AD-13ED81EE82FF}.Release|Any CPU.ActiveCfg = Release|Any CPU
		{A5583385-33D4-4367-98AD-13ED81EE82FF}.Release|Any CPU.Build.0 = Release|Any CPU
	EndGlobalSection
	GlobalSection(SolutionProperties) = preSolution
		HideSolutionNode = FALSE
	EndGlobalSection
	GlobalSection(ExtensibilityGlobals) = postSolution
		SolutionGuid = {5D6C8539-BC92-4CB9-AF91-9F127F869938}
	EndGlobalSection
EndGlobal
